
Microsoft Visual Studio Solution File, Format Version 12.00
# Visual Studio Version 17
VisualStudioVersion = 17.8.34511.84
MinimumVisualStudioVersion = 10.0.40219.1
Project("{FAE04EC0-301F-11D3-BF4B-00C04F79EFBC}") = "Final Game", "Final Game\Final Game.csproj", "{4AB94BF3-8E8F-4F0B-89DD-CCAED466B11E}"
EndProject
Global
	GlobalSection(SolutionConfigurationPlatforms) = preSolution
		Debug|Any CPU = Debug|Any CPU
		Release|Any CPU = Release|Any CPU
	EndGlobalSection
	GlobalSection(ProjectConfigurationPlatforms) = postSolution
		{4AB94BF3-8E8F-4F0B-89DD-CCAED466B11E}.Debug|Any CPU.ActiveCfg = Debug|Any CPU
		{4AB94BF3-8E8F-4F0B-89DD-CCAED466B11E}.Debug|Any CPU.Build.0 = Debug|Any CPU
		{4AB94BF3-8E8F-4F0B-89DD-CCAED466B11E}.Release|Any CPU.ActiveCfg = Release|Any CPU
		{4AB94BF3-8E8F-4F0B-89DD-CCAED466B11E}.Release|Any CPU.Build.0 = Release|Any CPU
	EndGlobalSection
	GlobalSection(SolutionProperties) = preSolution
		HideSolutionNode = FALSE
	EndGlobalSection
	GlobalSection(ExtensibilityGlobals) = postSolution
		SolutionGuid = {18238025-B4F6-4F02-A5E4-80F698830FE3}
	EndGlobalSection
EndGlobal
